
Microsoft Visual Studio Solution File, Format Version 12.00
# Visual Studio Version 17
VisualStudioVersion = 17.2.32630.192
MinimumVisualStudioVersion = 10.0.40219.1
Project("{9A19103F-16F7-4668-BE54-9A1E7A4F7556}") = "Assignment1", "Assignment1\Assignment1.csproj", "{4BA47EEB-DBAC-4E14-B67F-528209ED9E4B}"
EndProject
Project("{FAE04EC0-301F-11D3-BF4B-00C04F79EFBC}") = "Assignment1Tests", "ApplicationTests\Assignment1Tests.csproj", "{00B6EF67-252C-4079-AE75-7A1C98B06018}"
EndProject
Global
	GlobalSection(SolutionConfigurationPlatforms) = preSolution
		Debug|Any CPU = Debug|Any CPU
		Release|Any CPU = Release|Any CPU
	EndGlobalSection
	GlobalSection(ProjectConfigurationPlatforms) = postSolution
		{4BA47EEB-DBAC-4E14-B67F-528209ED9E4B}.Debug|Any CPU.ActiveCfg = Debug|Any CPU
		{4BA47EEB-DBAC-4E14-B67F-528209ED9E4B}.Debug|Any CPU.Build.0 = Debug|Any CPU
		{4BA47EEB-DBAC-4E14-B67F-528209ED9E4B}.Release|Any CPU.ActiveCfg = Release|Any CPU
		{4BA47EEB-DBAC-4E14-B67F-528209ED9E4B}.Release|Any CPU.Build.0 = Release|Any CPU
		{00B6EF67-252C-4079-AE75-7A1C98B06018}.Debug|Any CPU.ActiveCfg = Debug|Any CPU
		{00B6EF67-252C-4079-AE75-7A1C98B06018}.Debug|Any CPU.Build.0 = Debug|Any CPU
		{00B6EF67-252C-4079-AE75-7A1C98B06018}.Release|Any CPU.ActiveCfg = Release|Any CPU
		{00B6EF67-252C-4079-AE75-7A1C98B06018}.Release|Any CPU.Build.0 = Release|Any CPU
	EndGlobalSection
	GlobalSection(SolutionProperties) = preSolution
		HideSolutionNode = FALSE
	EndGlobalSection
	GlobalSection(ExtensibilityGlobals) = postSolution
		SolutionGuid = {BCA37C88-1D99-4B51-B596-A245FFFA2FDD}
	EndGlobalSection
EndGlobal
